
Microsoft Visual Studio Solution File, Format Version 12.00
# Visual Studio 14
VisualStudioVersion = 14.0.25420.1
MinimumVisualStudioVersion = 10.0.40219.1
Project("{FAE04EC0-301F-11D3-BF4B-00C04F79EFBC}") = "Infotron.PasswordPolicyChecker", "Infotron.PasswordPolicyChecker\Infotron.PasswordPolicyChecker.csproj", "{459AAC39-D0BC-4309-AB01-081BC71330FD}"
EndProject
Project("{FAE04EC0-301F-11D3-BF4B-00C04F79EFBC}") = "Infotron.PasswordPolicyChecker.UnitTests", "Infotron.PasswordPolicyChecker.UnitTests\Infotron.PasswordPolicyChecker.UnitTests.csproj", "{29EB2647-047C-4EDC-91E0-82C4CE9FE3EC}"
EndProject
Project("{FAE04EC0-301F-11D3-BF4B-00C04F79EFBC}") = "Infotron.PasswordPolicy.MvcSample", "Infotron.PasswordPolicy.MvcSample\Infotron.PasswordPolicy.MvcSample.csproj", "{D423F3EF-370F-4EDF-A801-C07E1E303FDD}"
EndProject
Global
	GlobalSection(SolutionConfigurationPlatforms) = preSolution
		Debug|Any CPU = Debug|Any CPU
		Release|Any CPU = Release|Any CPU
	EndGlobalSection
	GlobalSection(ProjectConfigurationPlatforms) = postSolution
		{459AAC39-D0BC-4309-AB01-081BC71330FD}.Debug|Any CPU.ActiveCfg = Debug|Any CPU
		{459AAC39-D0BC-4309-AB01-081BC71330FD}.Debug|Any CPU.Build.0 = Debug|Any CPU
		{459AAC39-D0BC-4309-AB01-081BC71330FD}.Release|Any CPU.ActiveCfg = Release|Any CPU
		{459AAC39-D0BC-4309-AB01-081BC71330FD}.Release|Any CPU.Build.0 = Release|Any CPU
		{29EB2647-047C-4EDC-91E0-82C4CE9FE3EC}.Debug|Any CPU.ActiveCfg = Debug|Any CPU
		{29EB2647-047C-4EDC-91E0-82C4CE9FE3EC}.Debug|Any CPU.Build.0 = Debug|Any CPU
		{29EB2647-047C-4EDC-91E0-82C4CE9FE3EC}.Release|Any CPU.ActiveCfg = Release|Any CPU
		{29EB2647-047C-4EDC-91E0-82C4CE9FE3EC}.Release|Any CPU.Build.0 = Release|Any CPU
		{D423F3EF-370F-4EDF-A801-C07E1E303FDD}.Debug|Any CPU.ActiveCfg = Debug|Any CPU
		{D423F3EF-370F-4EDF-A801-C07E1E303FDD}.Debug|Any CPU.Build.0 = Debug|Any CPU
		{D423F3EF-370F-4EDF-A801-C07E1E303FDD}.Release|Any CPU.ActiveCfg = Release|Any CPU
		{D423F3EF-370F-4EDF-A801-C07E1E303FDD}.Release|Any CPU.Build.0 = Release|Any CPU
	EndGlobalSection
	GlobalSection(SolutionProperties) = preSolution
		HideSolutionNode = FALSE
	EndGlobalSection
	GlobalSection(ExtensibilityGlobals) = postSolution
		SolutionGuid = {2F91A94F-4A9B-4D5B-9A54-33309AABD2FA}
	EndGlobalSection
EndGlobal
